dependencies:
- name: identity
  repository: ""
  version: 8.1.5
- name: operate
  repository: ""
  version: 8.1.5
- name: optimize
  repository: ""
  version: 8.1.5
- name: tasklist
  repository: ""
  version: 8.1.5
- name: web-modeler
  repository: ""
  version: 8.1.5
- name: zeebe
  repository: ""
  version: 8.1.5
- name: zeebe-gateway
  repository: ""
  version: 8.1.5
- name: elasticsearch
  repository: https://helm.elastic.co
  version: 7.17.1
- name: common
  repository: https://charts.bitnami.com/bitnami
  version: 2.2.2
digest: sha256:a5dde7430486f2aba7a89bc845182ea692dd7ece36d870c14fb80db063b0484b
generated: "2023-01-19T12:57:42.249360283Z"
